// !$*UTF8*$!
{
	archiveVersion = 1;
	classes = {
	};
	objectVersion = 46;
	objects = {

/* Begin PBXBuildFile section */
		1B6365AC1D344DF900472F64 /* AppDelegate.swift in Sources */ = {isa = PBXBuildFile; fileRef = 1B6365AB1D344DF900472F64 /* AppDelegate.swift */; };
		1B6365AE1D344DF900472F64 /* ViewController.swift in Sources */ = {isa = PBXBuildFile; fileRef = 1B6365AD1D344DF900472F64 /* ViewController.swift */; };
		1B6365B11D344DF900472F64 /* Main.storyboard in Resources */ = {isa = PBXBuildFile; fileRef = 1B6365AF1D344DF900472F64 /* Main.storyboard */; };
		1B6365B31D344DF900472F64 /* Assets.xcassets in Resources */ = {isa = PBXBuildFile; fileRef = 1B6365B21D344DF900472F64 /* Assets.xcassets */; };
		1B6365B61D344DF900472F64 /* LaunchScreen.storyboard in Resources */ = {isa = PBXBuildFile; fileRef = 1B6365B41D344DF900472F64 /* LaunchScreen.storyboard */; };
		1B6365BE1D34531900472F64 /* CoreLocation.framework in Frameworks */ = {isa = PBXBuildFile; fileRef = 1B6365BD1D34531900472F64 /* CoreLocation.framework */; };
		1B6365C01D345D5000472F64 /* MapKit.framework in Frameworks */ = {isa = PBXBuildFile; fileRef = 1B6365BF1D345D5000472F64 /* MapKit.framework */; };
		1BADFADD1D358A53001482DE /* CustomPointAnnotation.swift in Sources */ = {isa = PBXBuildFile; fileRef = 1BADFADC1D358A53001482DE /* CustomPointAnnotation.swift */; };
		1BFF86DC1D3D1A77009404F3 /* blah.swift in Sources */ = {isa = PBXBuildFile; fileRef = 1BFF86DB1D3D1A77009404F3 /* blah.swift */; };
		A684C14B1B7E8EB92C81BAC9 /* Pods_MapProj.framework in Frameworks */ = {isa = PBXBuildFile; fileRef = 9903EE016CAA4CB5F04AF5C0 /* Pods_MapProj.framework */; };
/* End PBXBuildFile section */

/* Begin PBXFileReference section */
		07ECE8828C320B5CBF9F6EAC /* Pods-MapProj.release.xcconfig */ = {isa = PBXFileReference; includeInIndex = 1; lastKnownFileType = text.xcconfig; name = "Pods-MapProj.release.xcconfig"; path = "Pods/Target Support Files/Pods-MapProj/Pods-MapProj.release.xcconfig"; sourceTree = "<group>"; };
		1B6365A81D344DF900472F64 /* MapProj.app */ = {isa = PBXFileReference; explicitFileType = wrapper.application; includeInIndex = 0; path = MapProj.app; sourceTree = BUILT_PRODUCTS_DIR; };
		1B6365AB1D344DF900472F64 /* AppDelegate.swift */ = {isa = PBXFileReference; lastKnownFileType = sourcecode.swift; path = AppDelegate.swift; sourceTree = "<group>"; };
		1B6365AD1D344DF900472F64 /* ViewController.swift */ = {isa = PBXFileReference; lastKnownFileType = sourcecode.swift; path = ViewController.swift; sourceTree = "<group>"; };
		1B6365B01D344DF900472F64 /* Base */ = {isa = PBXFileReference; lastKnownFileType = file.storyboard; name = Base; path = Base.lproj/Main.storyboard; sourceTree = "<group>"; };
		1B6365B21D344DF900472F64 /* Assets.xcassets */ = {isa = PBXFileReference; lastKnownFileType = folder.assetcatalog; path = Assets.xcassets; sourceTree = "<group>"; };
		1B6365B51D344DF900472F64 /* Base */ = {isa = PBXFileReference; lastKnownFileType = file.storyboard; name = Base; path = Base.lproj/LaunchScreen.storyboard; sourceTree = "<group>"; };
		1B6365B71D344DF900472F64 /* Info.plist */ = {isa = PBXFileReference; lastKnownFileType = text.plist.xml; path = Info.plist; sourceTree = "<group>"; };
		1B6365BD1D34531900472F64 /* CoreLocation.framework */ = {isa = PBXFileReference; lastKnownFileType = wrapper.framework; name = CoreLocation.framework; path = System/Library/Frameworks/CoreLocation.framework; sourceTree = SDKROOT; };
		1B6365BF1D345D5000472F64 /* MapKit.framework */ = {isa = PBXFileReference; lastKnownFileType = wrapper.framework; name = MapKit.framework; path = System/Library/Frameworks/MapKit.framework; sourceTree = SDKROOT; };
		1BADFADC1D358A53001482DE /* CustomPointAnnotation.swift */ = {isa = PBXFileReference; fileEncoding = 4; lastKnownFileType = sourcecode.swift; name = CustomPointAnnotation.swift; path = ../CustomPointAnnotation.swift; sourceTree = "<group>"; };
		1BDEFC391D3C61B100EAA182 /* Header.h */ = {isa = PBXFileReference; lastKnownFileType = sourcecode.c.h; path = Header.h; sourceTree = "<group>"; };
		1BFF86DB1D3D1A77009404F3 /* blah.swift */ = {isa = PBXFileReference; fileEncoding = 4; lastKnownFileType = sourcecode.swift; name = blah.swift; path = ../blah.swift; sourceTree = "<group>"; };
		7E3151BD75090D8A074AD1DD /* Pods-MapProj.debug.xcconfig */ = {isa = PBXFileReference; includeInIndex = 1; lastKnownFileType = text.xcconfig; name = "Pods-MapProj.debug.xcconfig"; path = "Pods/Target Support Files/Pods-MapProj/Pods-MapProj.debug.xcconfig"; sourceTree = "<group>"; };
		9903EE016CAA4CB5F04AF5C0 /* Pods_MapProj.framework */ = {isa = PBXFileReference; explicitFileType = wrapper.framework; includeInIndex = 0; path = Pods_MapProj.framework; sourceTree = BUILT_PRODUCTS_DIR; };
/* End PBXFileReference section */

/* Begin PBXFrameworksBuildPhase section */
		1B6365A51D344DF900472F64 /* Frameworks */ = {
			isa = PBXFrameworksBuildPhase;
			buildActionMask = 2147483647;
			files = (
				1B6365C01D345D5000472F64 /* MapKit.framework in Frameworks */,
				1B6365BE1D34531900472F64 /* CoreLocation.framework in Frameworks */,
				A684C14B1B7E8EB92C81BAC9 /* Pods_MapProj.framework in Frameworks */,
			);
			runOnlyForDeploymentPostprocessing = 0;
		};
/* End PBXFrameworksBuildPhase section */

/* Begin PBXGroup section */
		1B63659F1D344DF900472F64 = {
			isa = PBXGroup;
			children = (
				1B6365BF1D345D5000472F64 /* MapKit.framework */,
				1B6365BD1D34531900472F64 /* CoreLocation.framework */,
				1B6365AA1D344DF900472F64 /* MapProj */,
				1B6365A91D344DF900472F64 /* Products */,
				4B34A91B671D78BDE09808EF /* Pods */,
				45EC7C341DD0C4721FF90AFE /* Frameworks */,
			);
			sourceTree = "<group>";
		};
		1B6365A91D344DF900472F64 /* Products */ = {
			isa = PBXGroup;
			children = (
				1B6365A81D344DF900472F64 /* MapProj.app */,
			);
			name = Products;
			sourceTree = "<group>";
		};
		1B6365AA1D344DF900472F64 /* MapProj */ = {
			isa = PBXGroup;
			children = (
				1B6365AB1D344DF900472F64 /* AppDelegate.swift */,
				1BADFADC1D358A53001482DE /* CustomPointAnnotation.swift */,
				1BFF86DB1D3D1A77009404F3 /* blah.swift */,
				1B6365AD1D344DF900472F64 /* ViewController.swift */,
				1BDEFC391D3C61B100EAA182 /* Header.h */,
				1B6365AF1D344DF900472F64 /* Main.storyboard */,
				1B6365B21D344DF900472F64 /* Assets.xcassets */,
				1B6365B41D344DF900472F64 /* LaunchScreen.storyboard */,
				1B6365B71D344DF900472F64 /* Info.plist */,
			);
			path = MapProj;
			sourceTree = "<group>";
		};
		45EC7C341DD0C4721FF90AFE /* Frameworks */ = {
			isa = PBXGroup;
			children = (
				9903EE016CAA4CB5F04AF5C0 /* Pods_MapProj.framework */,
			);
			name = Frameworks;
			sourceTree = "<group>";
		};
		4B34A91B671D78BDE09808EF /* Pods */ = {
			isa = PBXGroup;
			children = (
				7E3151BD75090D8A074AD1DD /* Pods-MapProj.debug.xcconfig */,
				07ECE8828C320B5CBF9F6EAC /* Pods-MapProj.release.xcconfig */,
			);
			name = Pods;
			sourceTree = "<group>";
		};
/* End PBXGroup section */

/* Begin PBXNativeTarget section */
		1B6365A71D344DF900472F64 /* MapProj */ = {
			isa = PBXNativeTarget;
			buildConfigurationList = 1B6365BA1D344DF900472F64 /* Build configuration list for PBXNativeTarget "MapProj" */;
			buildPhases = (
				D5DCB2FB24BCE4035971E0E8 /* [CP] Check Pods Manifest.lock */,
				1B6365A41D344DF900472F64 /* Sources */,
				1B6365A51D344DF900472F64 /* Frameworks */,
				1B6365A61D344DF900472F64 /* Resources */,
				0A35B94DBC8ACC62D1F1D3E0 /* [CP] Embed Pods Frameworks */,
				E2BAB358778337A1D188CE07 /* [CP] Copy Pods Resources */,
			);
			buildRules = (
			);
			dependencies = (
			);
			name = MapProj;
			productName = MapProj;
			productReference = 1B6365A81D344DF900472F64 /* MapProj.app */;
			productType = "com.apple.product-type.application";
		};
/* End PBXNativeTarget section */

/* Begin PBXProject section */
		1B6365A01D344DF900472F64 /* Project object */ = {
			isa = PBXProject;
			attributes = {
				LastSwiftUpdateCheck = 0730;
				LastUpgradeCheck = 0730;
				ORGANIZATIONNAME = "Flatiron School";
				TargetAttributes = {
					1B6365A71D344DF900472F64 = {
						CreatedOnToolsVersion = 7.3.1;
						DevelopmentTeam = L2YWSL9AVF;
						SystemCapabilities = {
							com.apple.BackgroundModes = {
								enabled = 1;
							};
						};
					};
				};
			};
			buildConfigurationList = 1B6365A31D344DF900472F64 /* Build configuration list for PBXProject "MapProj" */;
			compatibilityVersion = "Xcode 3.2";
			developmentRegion = English;
			hasScannedForEncodings = 0;
			knownRegions = (
				en,
				Base,
			);
			mainGroup = 1B63659F1D344DF900472F64;
			productRefGroup = 1B6365A91D344DF900472F64 /* Products */;
			projectDirPath = "";
			projectRoot = "";
			targets = (
				1B6365A71D344DF900472F64 /* MapProj */,
			);
		};
/* End PBXProject section */

/* Begin PBXResourcesBuildPhase section */
		1B6365A61D344DF900472F64 /* Resources */ = {
			isa = PBXResourcesBuildPhase;
			buildActionMask = 2147483647;
			files = (
				1B6365B61D344DF900472F64 /* LaunchScreen.storyboard in Resources */,
				1B6365B31D344DF900472F64 /* Assets.xcassets in Resources */,
				1B6365B11D344DF900472F64 /* Main.storyboard in Resources */,
			);
			runOnlyForDeploymentPostprocessing = 0;
		};
/* End PBXResourcesBuildPhase section */

/* Begin PBXShellScriptBuildPhase section */
		0A35B94DBC8ACC62D1F1D3E0 /* [CP] Embed Pods Frameworks */ = {
			isa = PBXShellScriptBuildPhase;
			buildActionMask = 2147483647;
			files = (
			);
			inputPaths = (
			);
			name = "[CP] Embed Pods Frameworks";
			outputPaths = (
			);
			runOnlyForDeploymentPostprocessing = 0;
			shellPath = /bin/sh;
			shellScript = "\"${SRCROOT}/Pods/Target Support Files/Pods-MapProj/Pods-MapProj-frameworks.sh\"\n";
			showEnvVarsInLog = 0;
		};
		D5DCB2FB24BCE4035971E0E8 /* [CP] Check Pods Manifest.lock */ = {
			isa = PBXShellScriptBuildPhase;
			buildActionMask = 2147483647;
			files = (
			);
			inputPaths = (
			);
			name = "[CP] Check Pods Manifest.lock";
			outputPaths = (
			);
			runOnlyForDeploymentPostprocessing = 0;
			shellPath = /bin/sh;
			shellScript = "diff \"${PODS_ROOT}/../Podfile.lock\" \"${PODS_ROOT}/Manifest.lock\" > /dev/null\nif [[ $? != 0 ]] ; then\n    cat << EOM\nerror: The sandbox is not in sync with the Podfile.lock. Run 'pod install' or update your CocoaPods installation.\nEOM\n    exit 1\nfi\n";
			showEnvVarsInLog = 0;
		};
		E2BAB358778337A1D188CE07 /* [CP] Copy Pods Resources */ = {
			isa = PBXShellScriptBuildPhase;
			buildActionMask = 2147483647;
			files = (
			);
			inputPaths = (
			);
			name = "[CP] Copy Pods Resources";
			outputPaths = (
			);
			runOnlyForDeploymentPostprocessing = 0;
			shellPath = /bin/sh;
			shellScript = "\"${SRCROOT}/Pods/Target Support Files/Pods-MapProj/Pods-MapProj-resources.sh\"\n";
			showEnvVarsInLog = 0;
		};
/* End PBXShellScriptBuildPhase section */

/* Begin PBXSourcesBuildPhase section */
		1B6365A41D344DF900472F64 /* Sources */ = {
			isa = PBXSourcesBuildPhase;
			buildActionMask = 2147483647;
			files = (
				1B6365AE1D344DF900472F64 /* ViewController.swift in Sources */,
				1BFF86DC1D3D1A77009404F3 /* blah.swift in Sources */,
				1BADFADD1D358A53001482DE /* CustomPointAnnotation.swift in Sources */,
				1B6365AC1D344DF900472F64 /* AppDelegate.swift in Sources */,
			);
			runOnlyForDeploymentPostprocessing = 0;
		};
/* End PBXSourcesBuildPhase section */

/* Begin PBXVariantGroup section */
		1B6365AF1D344DF900472F64 /* Main.storyboard */ = {
			isa = PBXVariantGroup;
			children = (
				1B6365B01D344DF900472F64 /* Base */,
			);
			name = Main.storyboard;
			sourceTree = "<group>";
		};
		1B6365B41D344DF900472F64 /* LaunchScreen.storyboard */ = {
			isa = PBXVariantGroup;
			children = (
				1B6365B51D344DF900472F64 /* Base */,
			);
			name = LaunchScreen.storyboard;
			sourceTree = "<group>";
		};
/* End PBXVariantGroup section */

/* Begin XCBuildConfiguration section */
		1B6365B81D344DF900472F64 /* Debug */ = {
			isa = XCBuildConfiguration;
			buildSettings = {
				ALWAYS_SEARCH_USER_PATHS = NO;
				CLANG_ANALYZER_NONNULL = YES;
				CLANG_CXX_LANGUAGE_STANDARD = "gnu++0x";
				CLANG_CXX_LIBRARY = "libc++";
				CLANG_ENABLE_MODULES = YES;
				CLANG_ENABLE_OBJC_ARC = YES;
				CLANG_WARN_BOOL_CONVERSION = YES;
				CLANG_WARN_CONSTANT_CONVERSION = YES;
				CLANG_WARN_DIRECT_OBJC_ISA_USAGE = YES_ERROR;
				CLANG_WARN_EMPTY_BODY = YES;
				CLANG_WARN_ENUM_CONVERSION = YES;
				CLANG_WARN_INT_CONVERSION = YES;
				CLANG_WARN_OBJC_ROOT_CLASS = YES_ERROR;
				CLANG_WARN_UNREACHABLE_CODE = YES;
				CLANG_WARN__DUPLICATE_METHOD_MATCH = YES;
				"CODE_SIGN_IDENTITY[sdk=iphoneos*]" = "iPhone Developer";
				COPY_PHASE_STRIP = NO;
				DEBUG_INFORMATION_FORMAT = dwarf;
				ENABLE_STRICT_OBJC_MSGSEND = YES;
				ENABLE_TESTABILITY = YES;
				GCC_C_LANGUAGE_STANDARD = gnu99;
				GCC_DYNAMIC_NO_PIC = NO;
				GCC_NO_COMMON_BLOCKS = YES;
				GCC_OPTIMIZATION_LEVEL = 0;
				GCC_PREPROCESSOR_DEFINITIONS = (
					"DEBUG=1",
					"$(inherited)",
				);
				GCC_WARN_64_TO_32_BIT_CONVERSION = YES;
				GCC_WARN_ABOUT_RETURN_TYPE = YES_ERROR;
				GCC_WARN_UNDECLARED_SELECTOR = YES;
				GCC_WARN_UNINITIALIZED_AUTOS = YES_AGGRESSIVE;
				GCC_WARN_UNUSED_FUNCTION = YES;
				GCC_WARN_UNUSED_VARIABLE = YES;
				IPHONEOS_DEPLOYMENT_TARGET = 9.3;
				MTL_ENABLE_DEBUG_INFO = YES;
				ONLY_ACTIVE_ARCH = YES;
				SDKROOT = iphoneos;
				SWIFT_OPTIMIZATION_LEVEL = "-Onone";
			};
			name = Debug;
		};
		1B6365B91D344DF900472F64 /* Release */ = {
			isa = XCBuildConfiguration;
			buildSettings = {
				ALWAYS_SEARCH_USER_PATHS = NO;
				CLANG_ANALYZER_NONNULL = YES;
				CLANG_CXX_LANGUAGE_STANDARD = "gnu++0x";
				CLANG_CXX_LIBRARY = "libc++";
				CLANG_ENABLE_MODULES = YES;
				CLANG_ENABLE_OBJC_ARC = YES;
				CLANG_WARN_BOOL_CONVERSION = YES;
				CLANG_WARN_CONSTANT_CONVERSION = YES;
				CLANG_WARN_DIRECT_OBJC_ISA_USAGE = YES_ERROR;
				CLANG_WARN_EMPTY_BODY = YES;
				CLANG_WARN_ENUM_CONVERSION = YES;
				CLANG_WARN_INT_CONVERSION = YES;
				CLANG_WARN_OBJC_ROOT_CLASS = YES_ERROR;
				CLANG_WARN_UNREACHABLE_CODE = YES;
				CLANG_WARN__DUPLICATE_METHOD_MATCH = YES;
				"CODE_SIGN_IDENTITY[sdk=iphoneos*]" = "iPhone Developer";
				COPY_PHASE_STRIP = NO;
				DEBUG_INFORMATION_FORMAT = "dwarf-with-dsym";
				ENABLE_NS_ASSERTIONS = NO;
				ENABLE_STRICT_OBJC_MSGSEND = YES;
				GCC_C_LANGUAGE_STANDARD = gnu99;
				GCC_NO_COMMON_BLOCKS = YES;
				GCC_WARN_64_TO_32_BIT_CONVERSION = YES;
				GCC_WARN_ABOUT_RETURN_TYPE = YES_ERROR;
				GCC_WARN_UNDECLARED_SELECTOR = YES;
				GCC_WARN_UNINITIALIZED_AUTOS = YES_AGGRESSIVE;
				GCC_WARN_UNUSED_FUNCTION = YES;
				GCC_WARN_UNUSED_VARIABLE = YES;
				IPHONEOS_DEPLOYMENT_TARGET = 9.3;
				MTL_ENABLE_DEBUG_INFO = NO;
				SDKROOT = iphoneos;
				VALIDATE_PRODUCT = YES;
			};
			name = Release;
		};
		1B6365BB1D344DF900472F64 /* Debug */ = {
			isa = XCBuildConfiguration;
			baseConfigurationReference = 7E3151BD75090D8A074AD1DD /* Pods-MapProj.debug.xcconfig */;
			buildSettings = {
				ASSETCATALOG_COMPILER_APPICON_NAME = AppIcon;
				CODE_SIGN_IDENTITY = "iPhone Developer";
				"CODE_SIGN_IDENTITY[sdk=iphoneos*]" = "iPhone Developer";
				INFOPLIST_FILE = MapProj/Info.plist;
				LD_RUNPATH_SEARCH_PATHS = "$(inherited) @executable_path/Frameworks";
				PRODUCT_BUNDLE_IDENTIFIER = FIS1.MapProj;
				PRODUCT_NAME = "$(TARGET_NAME)";
				PROVISIONING_PROFILE = "";
				SWIFT_OBJC_BRIDGING_HEADER = MapProj/Header.h;
			};
			name = Debug;
		};
		1B6365BC1D344DF900472F64 /* Release */ = {
			isa = XCBuildConfiguration;
			baseConfigurationReference = 07ECE8828C320B5CBF9F6EAC /* Pods-MapProj.release.xcconfig */;
			buildSettings = {
				ASSETCATALOG_COMPILER_APPICON_NAME = AppIcon;
				CODE_SIGN_IDENTITY = "iPhone Developer";
				"CODE_SIGN_IDENTITY[sdk=iphoneos*]" = "iPhone Developer";
				INFOPLIST_FILE = MapProj/Info.plist;
				LD_RUNPATH_SEARCH_PATHS = "$(inherited) @executable_path/Frameworks";
				PRODUCT_BUNDLE_IDENTIFIER = FIS1.MapProj;
				PRODUCT_NAME = "$(TARGET_NAME)";
				PROVISIONING_PROFILE = "";
				SWIFT_OBJC_BRIDGING_HEADER = MapProj/Header.h;
			};
			name = Release;
		};
/* End XCBuildConfiguration section */

/* Begin XCConfigurationList section */
		1B6365A31D344DF900472F64 /* Build configuration list for PBXProject "MapProj" */ = {
			isa = XCConfigurationList;
			buildConfigurations = (
				1B6365B81D344DF900472F64 /* Debug */,
				1B6365B91D344DF900472F64 /* Release */,
			);
			defaultConfigurationIsVisible = 0;
			defaultConfigurationName = Release;
		};
		1B6365BA1D344DF900472F64 /* Build configuration list for PBXNativeTarget "MapProj" */ = {
			isa = XCConfigurationList;
			buildConfigurations = (
				1B6365BB1D344DF900472F64 /* Debug */,
				1B6365BC1D344DF900472F64 /* Release */,
			);
			defaultConfigurationIsVisible = 0;
			defaultConfigurationName = Release;
		};
/* End XCConfigurationList section */
	};
	rootObject = 1B6365A01D344DF900472F64 /* Project object */;
}
